// !$*UTF8*$!
{
	archiveVersion = 1;
	classes = {
	};
	objectVersion = 48;
	objects = {

/* Begin PBXBuildFile section */
		9A1BB7782027268A00128AE2 /* AppDelegate.swift in Sources */ = {isa = PBXBuildFile; fileRef = 9A1BB7772027268A00128AE2 /* AppDelegate.swift */; };
		9A1BB77A2027268A00128AE2 /* ViewController.swift in Sources */ = {isa = PBXBuildFile; fileRef = 9A1BB7792027268A00128AE2 /* ViewController.swift */; };
		9A1BB77D2027268A00128AE2 /* Main.storyboard in Resources */ = {isa = PBXBuildFile; fileRef = 9A1BB77B2027268A00128AE2 /* Main.storyboard */; };
		9A1BB77F2027268A00128AE2 /* Assets.xcassets in Resources */ = {isa = PBXBuildFile; fileRef = 9A1BB77E2027268A00128AE2 /* Assets.xcassets */; };
		9A1BB7822027268A00128AE2 /* LaunchScreen.storyboard in Resources */ = {isa = PBXBuildFile; fileRef = 9A1BB7802027268A00128AE2 /* LaunchScreen.storyboard */; };
		9A1BB78D2027268A00128AE2 /* testTests.swift in Sources */ = {isa = PBXBuildFile; fileRef = 9A1BB78C2027268A00128AE2 /* testTests.swift */; };
		9A1BB7982027268A00128AE2 /* testUITests.swift in Sources */ = {isa = PBXBuildFile; fileRef = 9A1BB7972027268A00128AE2 /* testUITests.swift */; };
/* End PBXBuildFile section */

/* Begin PBXContainerItemProxy section */
		9A1BB7892027268A00128AE2 /* PBXContainerItemProxy */ = {
			isa = PBXContainerItemProxy;
			containerPortal = 9A1BB76C2027268A00128AE2 /* Project object */;
			proxyType = 1;
			remoteGlobalIDString = 9A1BB7732027268A00128AE2;
			remoteInfo = test;
		};
		9A1BB7942027268A00128AE2 /* PBXContainerItemProxy */ = {
			isa = PBXContainerItemProxy;
			containerPortal = 9A1BB76C2027268A00128AE2 /* Project object */;
			proxyType = 1;
			remoteGlobalIDString = 9A1BB7732027268A00128AE2;
			remoteInfo = test;
		};
/* End PBXContainerItemProxy section */

/* Begin PBXFileReference section */
		9A1BB7742027268A00128AE2 /* test.app */ = {isa = PBXFileReference; explicitFileType = wrapper.application; includeInIndex = 0; path = test.app; sourceTree = BUILT_PRODUCTS_DIR; };
		9A1BB7772027268A00128AE2 /* AppDelegate.swift */ = {isa = PBXFileReference; lastKnownFileType = sourcecode.swift; path = AppDelegate.swift; sourceTree = "<group>"; };
		9A1BB7792027268A00128AE2 /* ViewController.swift */ = {isa = PBXFileReference; lastKnownFileType = sourcecode.swift; path = ViewController.swift; sourceTree = "<group>"; };
		9A1BB77C2027268A00128AE2 /* Base */ = {isa = PBXFileReference; lastKnownFileType = file.storyboard; name = Base; path = Base.lproj/Main.storyboard; sourceTree = "<group>"; };
		9A1BB77E2027268A00128AE2 /* Assets.xcassets */ = {isa = PBXFileReference; lastKnownFileType = folder.assetcatalog; path = Assets.xcassets; sourceTree = "<group>"; };
		9A1BB7812027268A00128AE2 /* Base */ = {isa = PBXFileReference; lastKnownFileType = file.storyboard; name = Base; path = Base.lproj/LaunchScreen.storyboard; sourceTree = "<group>"; };
		9A1BB7832027268A00128AE2 /* Info.plist */ = {isa = PBXFileReference; lastKnownFileType = text.plist.xml; path = Info.plist; sourceTree = "<group>"; };
		9A1BB7882027268A00128AE2 /* testTests.xctest */ = {isa = PBXFileReference; explicitFileType = wrapper.cfbundle; includeInIndex = 0; path = testTests.xctest; sourceTree = BUILT_PRODUCTS_DIR; };
		9A1BB78C2027268A00128AE2 /* testTests.swift */ = {isa = PBXFileReference; lastKnownFileType = sourcecode.swift; path = testTests.swift; sourceTree = "<group>"; };
		9A1BB78E2027268A00128AE2 /* Info.plist */ = {isa = PBXFileReference; lastKnownFileType = text.plist.xml; path = Info.plist; sourceTree = "<group>"; };
		9A1BB7932027268A00128AE2 /* testUITests.xctest */ = {isa = PBXFileReference; explicitFileType = wrapper.cfbundle; includeInIndex = 0; path = testUITests.xctest; sourceTree = BUILT_PRODUCTS_DIR; };
		9A1BB7972027268A00128AE2 /* testUITests.swift */ = {isa = PBXFileReference; lastKnownFileType = sourcecode.swift; path = testUITests.swift; sourceTree = "<group>"; };
		9A1BB7992027268A00128AE2 /* Info.plist */ = {isa = PBXFileReference; lastKnownFileType = text.plist.xml; path = Info.plist; sourceTree = "<group>"; };
/* End PBXFileReference section */

/* Begin PBXFrameworksBuildPhase section */
		9A1BB7712027268A00128AE2 /* Frameworks */ = {
			isa = PBXFrameworksBuildPhase;
			buildActionMask = 2147483647;
			files = (
			);
			runOnlyForDeploymentPostprocessing = 0;
		};
		9A1BB7852027268A00128AE2 /* Frameworks */ = {
			isa = PBXFrameworksBuildPhase;
			buildActionMask = 2147483647;
			files = (
			);
			runOnlyForDeploymentPostprocessing = 0;
		};
		9A1BB7902027268A00128AE2 /* Frameworks */ = {
			isa = PBXFrameworksBuildPhase;
			buildActionMask = 2147483647;
			files = (
			);
			runOnlyForDeploymentPostprocessing = 0;
		};
/* End PBXFrameworksBuildPhase section */

/* Begin PBXGroup section */
		9A1BB76B2027268A00128AE2 = {
			isa = PBXGroup;
			children = (
				9A1BB7762027268A00128AE2 /* test */,
				9A1BB78B2027268A00128AE2 /* testTests */,
				9A1BB7962027268A00128AE2 /* testUITests */,
				9A1BB7752027268A00128AE2 /* Products */,
			);
			sourceTree = "<group>";
		};
		9A1BB7752027268A00128AE2 /* Products */ = {
			isa = PBXGroup;
			children = (
				9A1BB7742027268A00128AE2 /* test.app */,
				9A1BB7882027268A00128AE2 /* testTests.xctest */,
				9A1BB7932027268A00128AE2 /* testUITests.xctest */,
			);
			name = Products;
			sourceTree = "<group>";
		};
		9A1BB7762027268A00128AE2 /* test */ = {
			isa = PBXGroup;
			children = (
				9A1BB7772027268A00128AE2 /* AppDelegate.swift */,
				9A1BB7792027268A00128AE2 /* ViewController.swift */,
				9A1BB77B2027268A00128AE2 /* Main.storyboard */,
				9A1BB77E2027268A00128AE2 /* Assets.xcassets */,
				9A1BB7802027268A00128AE2 /* LaunchScreen.storyboard */,
				9A1BB7832027268A00128AE2 /* Info.plist */,
			);
			path = test;
			sourceTree = "<group>";
		};
		9A1BB78B2027268A00128AE2 /* testTests */ = {
			isa = PBXGroup;
			children = (
				9A1BB78C2027268A00128AE2 /* testTests.swift */,
				9A1BB78E2027268A00128AE2 /* Info.plist */,
			);
			path = testTests;
			sourceTree = "<group>";
		};
		9A1BB7962027268A00128AE2 /* testUITests */ = {
			isa = PBXGroup;
			children = (
				9A1BB7972027268A00128AE2 /* testUITests.swift */,
				9A1BB7992027268A00128AE2 /* Info.plist */,
			);
			path = testUITests;
			sourceTree = "<group>";
		};
/* End PBXGroup section */

/* Begin PBXNativeTarget section */
		9A1BB7732027268A00128AE2 /* test */ = {
			isa = PBXNativeTarget;
			buildConfigurationList = 9A1BB79C2027268A00128AE2 /* Build configuration list for PBXNativeTarget "test" */;
			buildPhases = (
				9A1BB7702027268A00128AE2 /* Sources */,
				9A1BB7712027268A00128AE2 /* Frameworks */,
				9A1BB7722027268A00128AE2 /* Resources */,
			);
			buildRules = (
			);
			dependencies = (
			);
			name = test;
			productName = test;
			productReference = 9A1BB7742027268A00128AE2 /* test.app */;
			productType = "com.apple.product-type.application";
		};
		9A1BB7872027268A00128AE2 /* testTests */ = {
			isa = PBXNativeTarget;
			buildConfigurationList = 9A1BB79F2027268A00128AE2 /* Build configuration list for PBXNativeTarget "testTests" */;
			buildPhases = (
				9A1BB7842027268A00128AE2 /* Sources */,
				9A1BB7852027268A00128AE2 /* Frameworks */,
				9A1BB7862027268A00128AE2 /* Resources */,
			);
			buildRules = (
			);
			dependencies = (
				9A1BB78A2027268A00128AE2 /* PBXTargetDependency */,
			);
			name = testTests;
			productName = testTests;
			productReference = 9A1BB7882027268A00128AE2 /* testTests.xctest */;
			productType = "com.apple.product-type.bundle.unit-test";
		};
		9A1BB7922027268A00128AE2 /* testUITests */ = {
			isa = PBXNativeTarget;
			buildConfigurationList = 9A1BB7A22027268A00128AE2 /* Build configuration list for PBXNativeTarget "testUITests" */;
			buildPhases = (
				9A1BB78F2027268A00128AE2 /* Sources */,
				9A1BB7902027268A00128AE2 /* Frameworks */,
				9A1BB7912027268A00128AE2 /* Resources */,
			);
			buildRules = (
			);
			dependencies = (
				9A1BB7952027268A00128AE2 /* PBXTargetDependency */,
			);
			name = testUITests;
			productName = testUITests;
			productReference = 9A1BB7932027268A00128AE2 /* testUITests.xctest */;
			productType = "com.apple.product-type.bundle.ui-testing";
		};
/* End PBXNativeTarget section */

/* Begin PBXProject section */
		9A1BB76C2027268A00128AE2 /* Project object */ = {
			isa = PBXProject;
			attributes = {
				LastSwiftUpdateCheck = 0920;
				LastUpgradeCheck = 0920;
				ORGANIZATIONNAME = Ovadia;
				TargetAttributes = {
					9A1BB7732027268A00128AE2 = {
						CreatedOnToolsVersion = 9.2;
						ProvisioningStyle = Automatic;
					};
					9A1BB7872027268A00128AE2 = {
						CreatedOnToolsVersion = 9.2;
						ProvisioningStyle = Automatic;
						TestTargetID = 9A1BB7732027268A00128AE2;
					};
					9A1BB7922027268A00128AE2 = {
						CreatedOnToolsVersion = 9.2;
						ProvisioningStyle = Automatic;
						TestTargetID = 9A1BB7732027268A00128AE2;
					};
				};
			};
			buildConfigurationList = 9A1BB76F2027268A00128AE2 /* Build configuration list for PBXProject "test" */;
			compatibilityVersion = "Xcode 8.0";
			developmentRegion = en;
			hasScannedForEncodings = 0;
			knownRegions = (
				en,
				Base,
			);
			mainGroup = 9A1BB76B2027268A00128AE2;
			productRefGroup = 9A1BB7752027268A00128AE2 /* Products */;
			projectDirPath = "";
			projectRoot = "";
			targets = (
				9A1BB7732027268A00128AE2 /* test */,
				9A1BB7872027268A00128AE2 /* testTests */,
				9A1BB7922027268A00128AE2 /* testUITests */,
			);
		};
/* End PBXProject section */

/* Begin PBXResourcesBuildPhase section */
		9A1BB7722027268A00128AE2 /* Resources */ = {
			isa = PBXResourcesBuildPhase;
			buildActionMask = 2147483647;
			files = (
				9A1BB7822027268A00128AE2 /* LaunchScreen.storyboard in Resources */,
				9A1BB77F2027268A00128AE2 /* Assets.xcassets in Resources */,
				9A1BB77D2027268A00128AE2 /* Main.storyboard in Resources */,
			);
			runOnlyForDeploymentPostprocessing = 0;
		};
		9A1BB7862027268A00128AE2 /* Resources */ = {
			isa = PBXResourcesBuildPhase;
			buildActionMask = 2147483647;
			files = (
			);
			runOnlyForDeploymentPostprocessing = 0;
		};
		9A1BB7912027268A00128AE2 /* Resources */ = {
			isa = PBXResourcesBuildPhase;
			buildActionMask = 2147483647;
			files = (
			);
			runOnlyForDeploymentPostprocessing = 0;
		};
/* End PBXResourcesBuildPhase section */

/* Begin PBXSourcesBuildPhase section */
		9A1BB7702027268A00128AE2 /* Sources */ = {
			isa = PBXSourcesBuildPhase;
			buildActionMask = 2147483647;
			files = (
				9A1BB77A2027268A00128AE2 /* ViewController.swift in Sources */,
				9A1BB7782027268A00128AE2 /* AppDelegate.swift in Sources */,
			);
			runOnlyForDeploymentPostprocessing = 0;
		};
		9A1BB7842027268A00128AE2 /* Sources */ = {
			isa = PBXSourcesBuildPhase;
			buildActionMask = 2147483647;
			files = (
				9A1BB78D2027268A00128AE2 /* testTests.swift in Sources */,
			);
			runOnlyForDeploymentPostprocessing = 0;
		};
		9A1BB78F2027268A00128AE2 /* Sources */ = {
			isa = PBXSourcesBuildPhase;
			buildActionMask = 2147483647;
			files = (
				9A1BB7982027268A00128AE2 /* testUITests.swift in Sources */,
			);
			runOnlyForDeploymentPostprocessing = 0;
		};
/* End PBXSourcesBuildPhase section */

/* Begin PBXTargetDependency section */
		9A1BB78A2027268A00128AE2 /* PBXTargetDependency */ = {
			isa = PBXTargetDependency;
			target = 9A1BB7732027268A00128AE2 /* test */;
			targetProxy = 9A1BB7892027268A00128AE2 /* PBXContainerItemProxy */;
		};
		9A1BB7952027268A00128AE2 /* PBXTargetDependency */ = {
			isa = PBXTargetDependency;
			target = 9A1BB7732027268A00128AE2 /* test */;
			targetProxy = 9A1BB7942027268A00128AE2 /* PBXContainerItemProxy */;
		};
/* End PBXTargetDependency section */

/* Begin PBXVariantGroup section */
		9A1BB77B2027268A00128AE2 /* Main.storyboard */ = {
			isa = PBXVariantGroup;
			children = (
				9A1BB77C2027268A00128AE2 /* Base */,
			);
			name = Main.storyboard;
			sourceTree = "<group>";
		};
		9A1BB7802027268A00128AE2 /* LaunchScreen.storyboard */ = {
			isa = PBXVariantGroup;
			children = (
				9A1BB7812027268A00128AE2 /* Base */,
			);
			name = LaunchScreen.storyboard;
			sourceTree = "<group>";
		};
/* End PBXVariantGroup section */

/* Begin XCBuildConfiguration section */
		9A1BB79A2027268A00128AE2 /* Debug */ = {
			isa = XCBuildConfiguration;
			buildSettings = {
				ALWAYS_SEARCH_USER_PATHS = NO;
				CLANG_ANALYZER_NONNULL = YES;
				CLANG_ANALYZER_NUMBER_OBJECT_CONVERSION = YES_AGGRESSIVE;
				CLANG_CXX_LANGUAGE_STANDARD = "gnu++14";
				CLANG_CXX_LIBRARY = "libc++";
				CLANG_ENABLE_MODULES = YES;
				CLANG_ENABLE_OBJC_ARC = YES;
				CLANG_WARN_BLOCK_CAPTURE_AUTORELEASING = YES;
				CLANG_WARN_BOOL_CONVERSION = YES;
				CLANG_WARN_COMMA = YES;
				CLANG_WARN_CONSTANT_CONVERSION = YES;
				CLANG_WARN_DIRECT_OBJC_ISA_USAGE = YES_ERROR;
				CLANG_WARN_DOCUMENTATION_COMMENTS = YES;
				CLANG_WARN_EMPTY_BODY = YES;
				CLANG_WARN_ENUM_CONVERSION = YES;
				CLANG_WARN_INFINITE_RECURSION = YES;
				CLANG_WARN_INT_CONVERSION = YES;
				CLANG_WARN_NON_LITERAL_NULL_CONVERSION = YES;
				CLANG_WARN_OBJC_LITERAL_CONVERSION = YES;
				CLANG_WARN_OBJC_ROOT_CLASS = YES_ERROR;
				CLANG_WARN_RANGE_LOOP_ANALYSIS = YES;
				CLANG_WARN_STRICT_PROTOTYPES = YES;
				CLANG_WARN_SUSPICIOUS_MOVE = YES;
				CLANG_WARN_UNGUARDED_AVAILABILITY = YES_AGGRESSIVE;
				CLANG_WARN_UNREACHABLE_CODE = YES;
				CLANG_WARN__DUPLICATE_METHOD_MATCH = YES;
				CODE_SIGN_IDENTITY = "iPhone Developer";
				COPY_PHASE_STRIP = NO;
				DEBUG_INFORMATION_FORMAT = dwarf;
				ENABLE_STRICT_OBJC_MSGSEND = YES;
				ENABLE_TESTABILITY = YES;
				GCC_C_LANGUAGE_STANDARD = gnu11;
				GCC_DYNAMIC_NO_PIC = NO;
				GCC_NO_COMMON_BLOCKS = YES;
				GCC_OPTIMIZATION_LEVEL = 0;
				GCC_PREPROCESSOR_DEFINITIONS = (
					"DEBUG=1",
					"$(inherited)",
				);
				GCC_WARN_64_TO_32_BIT_CONVERSION = YES;
				GCC_WARN_ABOUT_RETURN_TYPE = YES_ERROR;
				GCC_WARN_UNDECLARED_SELECTOR = YES;
				GCC_WARN_UNINITIALIZED_AUTOS = YES_AGGRESSIVE;
				GCC_WARN_UNUSED_FUNCTION = YES;
				GCC_WARN_UNUSED_VARIABLE = YES;
				IPHONEOS_DEPLOYMENT_TARGET = 11.2;
				MTL_ENABLE_DEBUG_INFO = YES;
				ONLY_ACTIVE_ARCH = YES;
				SDKROOT = iphoneos;
				SWIFT_ACTIVE_COMPILATION_CONDITIONS = DEBUG;
				SWIFT_OPTIMIZATION_LEVEL = "-Onone";
			};
			name = Debug;
		};
		9A1BB79B2027268A00128AE2 /* Release */ = {
			isa = XCBuildConfiguration;
			buildSettings = {
				ALWAYS_SEARCH_USER_PATHS = NO;
				CLANG_ANALYZER_NONNULL = YES;
				CLANG_ANALYZER_NUMBER_OBJECT_CONVERSION = YES_AGGRESSIVE;
				CLANG_CXX_LANGUAGE_STANDARD = "gnu++14";
				CLANG_CXX_LIBRARY = "libc++";
				CLANG_ENABLE_MODULES = YES;
				CLANG_ENABLE_OBJC_ARC = YES;
				CLANG_WARN_BLOCK_CAPTURE_AUTORELEASING = YES;
				CLANG_WARN_BOOL_CONVERSION = YES;
				CLANG_WARN_COMMA = YES;
				CLANG_WARN_CONSTANT_CONVERSION = YES;
				CLANG_WARN_DIRECT_OBJC_ISA_USAGE = YES_ERROR;
				CLANG_WARN_DOCUMENTATION_COMMENTS = YES;
				CLANG_WARN_EMPTY_BODY = YES;
				CLANG_WARN_ENUM_CONVERSION = YES;
				CLANG_WARN_INFINITE_RECURSION = YES;
				CLANG_WARN_INT_CONVERSION = YES;
				CLANG_WARN_NON_LITERAL_NULL_CONVERSION = YES;
				CLANG_WARN_OBJC_LITERAL_CONVERSION = YES;
				CLANG_WARN_OBJC_ROOT_CLASS = YES_ERROR;
				CLANG_WARN_RANGE_LOOP_ANALYSIS = YES;
				CLANG_WARN_STRICT_PROTOTYPES = YES;
				CLANG_WARN_SUSPICIOUS_MOVE = YES;
				CLANG_WARN_UNGUARDED_AVAILABILITY = YES_AGGRESSIVE;
				CLANG_WARN_UNREACHABLE_CODE = YES;
				CLANG_WARN__DUPLICATE_METHOD_MATCH = YES;
				CODE_SIGN_IDENTITY = "iPhone Developer";
				COPY_PHASE_STRIP = NO;
				DEBUG_INFORMATION_FORMAT = "dwarf-with-dsym";
				ENABLE_NS_ASSERTIONS = NO;
				ENABLE_STRICT_OBJC_MSGSEND = YES;
				GCC_C_LANGUAGE_STANDARD = gnu11;
				GCC_NO_COMMON_BLOCKS = YES;
				GCC_WARN_64_TO_32_BIT_CONVERSION = YES;
				GCC_WARN_ABOUT_RETURN_TYPE = YES_ERROR;
				GCC_WARN_UNDECLARED_SELECTOR = YES;
				GCC_WARN_UNINITIALIZED_AUTOS = YES_AGGRESSIVE;
				GCC_WARN_UNUSED_FUNCTION = YES;
				GCC_WARN_UNUSED_VARIABLE = YES;
				IPHONEOS_DEPLOYMENT_TARGET = 11.2;
				MTL_ENABLE_DEBUG_INFO = NO;
				SDKROOT = iphoneos;
				SWIFT_OPTIMIZATION_LEVEL = "-Owholemodule";
				VALIDATE_PRODUCT = YES;
			};
			name = Release;
		};
		9A1BB79D2027268A00128AE2 /* Debug */ = {
			isa = XCBuildConfiguration;
			buildSettings = {
				ASSETCATALOG_COMPILER_APPICON_NAME = AppIcon;
				CODE_SIGN_STYLE = Automatic;
				INFOPLIST_FILE = test/Info.plist;
				LD_RUNPATH_SEARCH_PATHS = "$(inherited) @executable_path/Frameworks";
				PRODUCT_BUNDLE_IDENTIFIER = com.ovadia.test;
				PRODUCT_NAME = "$(TARGET_NAME)";
				SWIFT_VERSION = 4.0;
				TARGETED_DEVICE_FAMILY = "1,2";
			};
			name = Debug;
		};
		9A1BB79E2027268A00128AE2 /* Release */ = {
			isa = XCBuildConfiguration;
			buildSettings = {
				ASSETCATALOG_COMPILER_APPICON_NAME = AppIcon;
				CODE_SIGN_STYLE = Automatic;
				INFOPLIST_FILE = test/Info.plist;
				LD_RUNPATH_SEARCH_PATHS = "$(inherited) @executable_path/Frameworks";
				PRODUCT_BUNDLE_IDENTIFIER = com.ovadia.test;
				PRODUCT_NAME = "$(TARGET_NAME)";
				SWIFT_VERSION = 4.0;
				TARGETED_DEVICE_FAMILY = "1,2";
			};
			name = Release;
		};
		9A1BB7A02027268A00128AE2 /* Debug */ = {
			isa = XCBuildConfiguration;
			buildSettings = {
				ALWAYS_EMBED_SWIFT_STANDARD_LIBRARIES = YES;
				BUNDLE_LOADER = "$(TEST_HOST)";
				CODE_SIGN_STYLE = Automatic;
				INFOPLIST_FILE = testTests/Info.plist;
				LD_RUNPATH_SEARCH_PATHS = "$(inherited) @executable_path/Frameworks @loader_path/Frameworks";
				PRODUCT_BUNDLE_IDENTIFIER = com.ovadia.testTests;
				PRODUCT_NAME = "$(TARGET_NAME)";
				SWIFT_VERSION = 4.0;
				TARGETED_DEVICE_FAMILY = "1,2";
				TEST_HOST = "$(BUILT_PRODUCTS_DIR)/test.app/test";
			};
			name = Debug;
		};
		9A1BB7A12027268A00128AE2 /* Release */ = {
			isa = XCBuildConfiguration;
			buildSettings = {
				ALWAYS_EMBED_SWIFT_STANDARD_LIBRARIES = YES;
				BUNDLE_LOADER = "$(TEST_HOST)";
				CODE_SIGN_STYLE = Automatic;
				INFOPLIST_FILE = testTests/Info.plist;
				LD_RUNPATH_SEARCH_PATHS = "$(inherited) @executable_path/Frameworks @loader_path/Frameworks";
				PRODUCT_BUNDLE_IDENTIFIER = com.ovadia.testTests;
				PRODUCT_NAME = "$(TARGET_NAME)";
				SWIFT_VERSION = 4.0;
				TARGETED_DEVICE_FAMILY = "1,2";
				TEST_HOST = "$(BUILT_PRODUCTS_DIR)/test.app/test";
			};
			name = Release;
		};
		9A1BB7A32027268A00128AE2 /* Debug */ = {
			isa = XCBuildConfiguration;
			buildSettings = {
				ALWAYS_EMBED_SWIFT_STANDARD_LIBRARIES = YES;
				CODE_SIGN_STYLE = Automatic;
				INFOPLIST_FILE = testUITests/Info.plist;
				LD_RUNPATH_SEARCH_PATHS = "$(inherited) @executable_path/Frameworks @loader_path/Frameworks";
				PRODUCT_BUNDLE_IDENTIFIER = com.ovadia.testUITests;
				PRODUCT_NAME = "$(TARGET_NAME)";
				SWIFT_VERSION = 4.0;
				TARGETED_DEVICE_FAMILY = "1,2";
				TEST_TARGET_NAME = test;
			};
			name = Debug;
		};
		9A1BB7A42027268A00128AE2 /* Release */ = {
			isa = XCBuildConfiguration;
			buildSettings = {
				ALWAYS_EMBED_SWIFT_STANDARD_LIBRARIES = YES;
				CODE_SIGN_STYLE = Automatic;
				INFOPLIST_FILE = testUITests/Info.plist;
				LD_RUNPATH_SEARCH_PATHS = "$(inherited) @executable_path/Frameworks @loader_path/Frameworks";
				PRODUCT_BUNDLE_IDENTIFIER = com.ovadia.testUITests;
				PRODUCT_NAME = "$(TARGET_NAME)";
				SWIFT_VERSION = 4.0;
				TARGETED_DEVICE_FAMILY = "1,2";
				TEST_TARGET_NAME = test;
			};
			name = Release;
		};
/* End XCBuildConfiguration section */

/* Begin XCConfigurationList section */
		9A1BB76F2027268A00128AE2 /* Build configuration list for PBXProject "test" */ = {
			isa = XCConfigurationList;
			buildConfigurations = (
				9A1BB79A2027268A00128AE2 /* Debug */,
				9A1BB79B2027268A00128AE2 /* Release */,
			);
			defaultConfigurationIsVisible = 0;
			defaultConfigurationName = Release;
		};
		9A1BB79C2027268A00128AE2 /* Build configuration list for PBXNativeTarget "test" */ = {
			isa = XCConfigurationList;
			buildConfigurations = (
				9A1BB79D2027268A00128AE2 /* Debug */,
				9A1BB79E2027268A00128AE2 /* Release */,
			);
			defaultConfigurationIsVisible = 0;
			defaultConfigurationName = Release;
		};
		9A1BB79F2027268A00128AE2 /* Build configuration list for PBXNativeTarget "testTests" */ = {
			isa = XCConfigurationList;
			buildConfigurations = (
				9A1BB7A02027268A00128AE2 /* Debug */,
				9A1BB7A12027268A00128AE2 /* Release */,
			);
			defaultConfigurationIsVisible = 0;
			defaultConfigurationName = Release;
		};
		9A1BB7A22027268A00128AE2 /* Build configuration list for PBXNativeTarget "testUITests" */ = {
			isa = XCConfigurationList;
			buildConfigurations = (
				9A1BB7A32027268A00128AE2 /* Debug */,
				9A1BB7A42027268A00128AE2 /* Release */,
			);
			defaultConfigurationIsVisible = 0;
			defaultConfigurationName = Release;
		};
/* End XCConfigurationList section */
	};
	rootObject = 9A1BB76C2027268A00128AE2 /* Project object */;
}
